
Microsoft Visual Studio Solution File, Format Version 12.00
# Visual Studio 15
VisualStudioVersion = 15.0.27428.2002
MinimumVisualStudioVersion = 10.0.40219.1
Project("{FAE04EC0-301F-11D3-BF4B-00C04F79EFBC}") = "WebWallpaper", "WebWallpaper\WebWallpaper.csproj", "{9828E8C1-E890-4D8B-B3CF-DD7D367F21CE}"
EndProject
Global
	GlobalSection(SolutionConfigurationPlatforms) = preSolution
		Debug|Any CPU = Debug|Any CPU
		Release|Any CPU = Release|Any CPU
	EndGlobalSection
	GlobalSection(ProjectConfigurationPlatforms) = postSolution
		{9828E8C1-E890-4D8B-B3CF-DD7D367F21CE}.Debug|Any CPU.ActiveCfg = Debug|Any CPU
		{9828E8C1-E890-4D8B-B3CF-DD7D367F21CE}.Debug|Any CPU.Build.0 = Debug|Any CPU
		{9828E8C1-E890-4D8B-B3CF-DD7D367F21CE}.Release|Any CPU.ActiveCfg = Release|Any CPU
		{9828E8C1-E890-4D8B-B3CF-DD7D367F21CE}.Release|Any CPU.Build.0 = Release|Any CPU
	EndGlobalSection
	GlobalSection(SolutionProperties) = preSolution
		HideSolutionNode = FALSE
	EndGlobalSection
	GlobalSection(ExtensibilityGlobals) = postSolution
		SolutionGuid = {C33BB3A7-C368-4C34-813C-1497C36E0410}
	EndGlobalSection
EndGlobal
